{
  "nodes": {
    "crane": {
      "locked": {
        "lastModified": 1736898272,
        "narHash": "sha256-D10wlrU/HCpSRcb3a7yk+bU3ggpMD1kGbseKtO+7teo=",
        "owner": "ipetkov",
        "repo": "crane",
        "rev": "6a589f034202a7c6e10bce6c5d1d392d7bc0f340",
        "type": "github"
      },
      "original": {
        "owner": "ipetkov",
        "repo": "crane",
        "type": "github"
      }
    },
    "nixpkgs": {
      "locked": {
        "lastModified": 1736916166,
        "narHash": "sha256-puPDoVKxkuNmYIGMpMQiK8bEjaACcCksolsG36gdaNQ=",
        "owner": "NixOS",
        "repo": "nixpkgs",
        "rev": "e24b4c09e963677b1beea49d411cd315a024ad3a",
        "type": "github"
      },
      "original": {
        "owner": "NixOS",
        "ref": "nixos-24.11",
        "repo": "nixpkgs",
        "type": "github"
      }
    },
    "nixpkgs-750fc50b": {
      "locked": {
        "lastModified": 1691916148,
        "narHash": "sha256-DamxLt6yl1Ic1vCvgKhjObrzqwlV0pJ7334yuC5y3ew=",
        "owner": "NixOS",
        "repo": "nixpkgs",
        "rev": "750fc50bfd132a44972aa15bb21937ae26303bc4",
        "type": "github"
      },
      "original": {
        "owner": "NixOS",
        "repo": "nixpkgs",
        "rev": "750fc50bfd132a44972aa15bb21937ae26303bc4",
        "type": "github"
      }
    },
    "root": {
      "inputs": {
        "crane": "crane",
        "nixpkgs": "nixpkgs",
        "nixpkgs-750fc50b": "nixpkgs-750fc50b",
        "rust-overlay": "rust-overlay"
      }
    },
    "rust-overlay": {
      "inputs": {
        "nixpkgs": [
          "nixpkgs"
        ]
      },
      "locked": {
        "lastModified": 1736994333,
        "narHash": "sha256-v4Jrok5yXsZ6dwj2+2uo5cSyUi9fBTurHqHvNHLT1XA=",
        "owner": "oxalica",
        "repo": "rust-overlay",
        "rev": "848db855cb9e88785996e961951659570fc58814",
        "type": "github"
      },
      "original": {
        "owner": "oxalica",
        "repo": "rust-overlay",
        "type": "github"
      }
    }
  },
  "root": "root",
  "version": 7
}
